// !$*UTF8*$!
{
	archiveVersion = 1;
	classes = {
	};
	objectVersion = 56;
	objects = {

/* Begin PBXBuildFile section */
		A10000010000000000000001 /* CSVDropApp.swift in Sources */ = {isa = PBXBuildFile; fileRef = A10000020000000000000001 /* CSVDropApp.swift */; };
		A10000010000000000000002 /* ContentView.swift in Sources */ = {isa = PBXBuildFile; fileRef = A10000020000000000000002 /* ContentView.swift */; };
		A10000010000000000000003 /* BQUploadService.swift in Sources */ = {isa = PBXBuildFile; fileRef = A10000020000000000000003 /* BQUploadService.swift */; };
		A10000010000000000000004 /* Assets.xcassets in Resources */ = {isa = PBXBuildFile; fileRef = A10000020000000000000004 /* Assets.xcassets */; };
/* End PBXBuildFile section */

/* Begin PBXFileReference section */
		A10000020000000000000001 /* CSVDropApp.swift */ = {isa = PBXFileReference; lastKnownFileType = sourcecode.swift; path = CSVDropApp.swift; sourceTree = "<group>"; };
		A10000020000000000000002 /* ContentView.swift */ = {isa = PBXFileReference; lastKnownFileType = sourcecode.swift; path = ContentView.swift; sourceTree = "<group>"; };
		A10000020000000000000003 /* BQUploadService.swift */ = {isa = PBXFileReference; lastKnownFileType = sourcecode.swift; path = BQUploadService.swift; sourceTree = "<group>"; };
		A10000020000000000000004 /* Assets.xcassets */ = {isa = PBXFileReference; lastKnownFileType = folder.assetcatalog; path = Assets.xcassets; sourceTree = "<group>"; };
		A10000020000000000000005 /* CSVDrop.app */ = {isa = PBXFileReference; explicitFileType = wrapper.application; includeInIndex = 0; path = CSVDrop.app; sourceTree = BUILT_PRODUCTS_DIR; };
		A10000020000000000000006 /* CSVDrop.entitlements */ = {isa = PBXFileReference; lastKnownFileType = text.plist.entitlements; path = CSVDrop.entitlements; sourceTree = "<group>"; };
		A100000B0000000000000001 /* Debug.xcconfig */ = {isa = PBXFileReference; lastKnownFileType = text.xcconfig; path = Debug.xcconfig; sourceTree = "<group>"; };
		A100000B0000000000000002 /* Development.xcconfig.example */ = {isa = PBXFileReference; lastKnownFileType = text.xcconfig; path = Development.xcconfig.example; sourceTree = "<group>"; };
/* End PBXFileReference section */

/* Begin PBXFrameworksBuildPhase section */
		A10000030000000000000001 /* Frameworks */ = {
			isa = PBXFrameworksBuildPhase;
			buildActionMask = 2147483647;
			files = (
			);
			runOnlyForDeploymentPostprocessing = 0;
		};
/* End PBXFrameworksBuildPhase section */

/* Begin PBXGroup section */
		A10000040000000000000001 = {
			isa = PBXGroup;
			children = (
				A100000B0000000000000001 /* Debug.xcconfig */,
				A100000B0000000000000002 /* Development.xcconfig.example */,
				A10000040000000000000002 /* CSVDrop */,
				A10000040000000000000003 /* Products */,
			);
			sourceTree = "<group>";
		};
		A10000040000000000000002 /* CSVDrop */ = {
			isa = PBXGroup;
			children = (
				A10000020000000000000001 /* CSVDropApp.swift */,
				A10000020000000000000002 /* ContentView.swift */,
				A10000020000000000000003 /* BQUploadService.swift */,
				A10000020000000000000004 /* Assets.xcassets */,
				A10000020000000000000006 /* CSVDrop.entitlements */,
			);
			path = CSVDrop;
			sourceTree = "<group>";
		};
		A10000040000000000000003 /* Products */ = {
			isa = PBXGroup;
			children = (
				A10000020000000000000005 /* CSVDrop.app */,
			);
			name = Products;
			sourceTree = "<group>";
		};
/* End PBXGroup section */

/* Begin PBXNativeTarget section */
		A10000050000000000000001 /* CSVDrop */ = {
			isa = PBXNativeTarget;
			buildConfigurationList = A10000080000000000000001 /* Build configuration list for PBXNativeTarget "CSVDrop" */;
			buildPhases = (
				A10000060000000000000001 /* Sources */,
				A10000030000000000000001 /* Frameworks */,
				A10000070000000000000001 /* Resources */,
			);
			buildRules = (
			);
			dependencies = (
			);
			name = CSVDrop;
			productName = CSVDrop;
			productReference = A10000020000000000000005 /* CSVDrop.app */;
			productType = "com.apple.product-type.application";
		};
/* End PBXNativeTarget section */

/* Begin PBXProject section */
		A10000090000000000000001 /* Project object */ = {
			isa = PBXProject;
			attributes = {
				BuildIndependentTargetsInParallel = 1;
				LastSwiftUpdateCheck = 1500;
				LastUpgradeCheck = 1500;
				ORGANIZATIONNAME = "";
				TargetAttributes = {
					A10000050000000000000001 = {
						CreatedOnToolsVersion = 15.0;
					};
				};
			};
			buildConfigurationList = A10000080000000000000002 /* Build configuration list for PBXProject "CSVDrop" */;
			compatibilityVersion = "Xcode 14.0";
			developmentRegion = en;
			hasScannedForEncodings = 0;
			knownRegions = (
				en,
				Base,
			);
			mainGroup = A10000040000000000000001;
			productRefGroup = A10000040000000000000003 /* Products */;
			projectDirPath = "";
			projectRoot = "";
			targets = (
				A10000050000000000000001 /* CSVDrop */,
			);
		};
/* End PBXProject section */

/* Begin PBXResourcesBuildPhase section */
		A10000070000000000000001 /* Resources */ = {
			isa = PBXResourcesBuildPhase;
			buildActionMask = 2147483647;
			files = (
				A10000010000000000000004 /* Assets.xcassets in Resources */,
			);
			runOnlyForDeploymentPostprocessing = 0;
		};
/* End PBXResourcesBuildPhase section */

/* Begin PBXSourcesBuildPhase section */
		A10000060000000000000001 /* Sources */ = {
			isa = PBXSourcesBuildPhase;
			buildActionMask = 2147483647;
			files = (
				A10000010000000000000001 /* CSVDropApp.swift in Sources */,
				A10000010000000000000002 /* ContentView.swift in Sources */,
				A10000010000000000000003 /* BQUploadService.swift in Sources */,
			);
			runOnlyForDeploymentPostprocessing = 0;
		};
/* End PBXSourcesBuildPhase section */

/* Begin XCBuildConfiguration section */
		A100000A0000000000000001 /* Debug */ = {
			isa = XCBuildConfiguration;
			baseConfigurationReference = A100000B0000000000000001 /* Debug.xcconfig */;
			buildSettings = {
				ALWAYS_SEARCH_USER_PATHS = NO;
				ASSETCATALOG_COMPILER_GENERATE_SWIFT_ASSET_SYMBOL_EXTENSIONS = YES;
				CLANG_ENABLE_MODULES = YES;
				CLANG_ENABLE_OBJC_ARC = YES;
				COPY_PHASE_STRIP = NO;
				DEBUG_INFORMATION_FORMAT = dwarf;
				ENABLE_STRICT_OBJC_MSGSEND = YES;
				ENABLE_TESTABILITY = YES;
				GCC_DYNAMIC_NO_PIC = NO;
				GCC_OPTIMIZATION_LEVEL = 0;
				GCC_PREPROCESSOR_DEFINITIONS = (
					"DEBUG=1",
					"$(inherited)",
				);
				MACOSX_DEPLOYMENT_TARGET = 13.0;
				ONLY_ACTIVE_ARCH = YES;
				SDKROOT = macosx;
				SWIFT_ACTIVE_COMPILATION_CONDITIONS = "DEBUG $(inherited)";
				SWIFT_OPTIMIZATION_LEVEL = "-Onone";
			};
			name = Debug;
		};
		A100000A0000000000000002 /* Release */ = {
			isa = XCBuildConfiguration;
			buildSettings = {
				ALWAYS_SEARCH_USER_PATHS = NO;
				ASSETCATALOG_COMPILER_GENERATE_SWIFT_ASSET_SYMBOL_EXTENSIONS = YES;
				CLANG_ENABLE_MODULES = YES;
				CLANG_ENABLE_OBJC_ARC = YES;
				COPY_PHASE_STRIP = NO;
				DEBUG_INFORMATION_FORMAT = "dwarf-with-dsym";
				ENABLE_NS_ASSERTIONS = NO;
				ENABLE_STRICT_OBJC_MSGSEND = YES;
				GCC_OPTIMIZATION_LEVEL = s;
				MACOSX_DEPLOYMENT_TARGET = 13.0;
				SDKROOT = macosx;
				SWIFT_COMPILATION_MODE = wholemodule;
			};
			name = Release;
		};
		A100000A0000000000000003 /* Debug */ = {
			isa = XCBuildConfiguration;
			baseConfigurationReference = A100000B0000000000000001 /* Debug.xcconfig */;
			buildSettings = {
				ASSETCATALOG_COMPILER_APPICON_NAME = AppIcon;
				CODE_SIGN_ENTITLEMENTS = CSVDrop/CSVDrop.entitlements;
				CODE_SIGN_STYLE = Automatic;
				COMBINE_HIDPI_IMAGES = YES;
				CURRENT_PROJECT_VERSION = 1;
				DEVELOPMENT_TEAM = "";
				ENABLE_HARDENED_RUNTIME = YES;
				GENERATE_INFOPLIST_FILE = YES;
				INFOPLIST_KEY_CFBundleDisplayName = "CSV Drop";
				INFOPLIST_KEY_LSApplicationCategoryType = "public.app-category.developer-tools";
				INFOPLIST_KEY_NSHumanReadableCopyright = "";
				INFOPLIST_KEY_NSPrincipalClass = NSApplication;
				LD_RUNPATH_SEARCH_PATHS = (
					"$(inherited)",
					"@executable_path/../Frameworks",
				);
				MARKETING_VERSION = 1.1;
				PRODUCT_BUNDLE_IDENTIFIER = com.csvdrop.app;
				PRODUCT_NAME = "$(TARGET_NAME)";
				SWIFT_EMIT_LOC_STRINGS = YES;
				SWIFT_VERSION = 5.0;
			};
			name = Debug;
		};
		A100000A0000000000000004 /* Release */ = {
			isa = XCBuildConfiguration;
			buildSettings = {
				ASSETCATALOG_COMPILER_APPICON_NAME = AppIcon;
				CODE_SIGN_ENTITLEMENTS = CSVDrop/CSVDrop.entitlements;
				CODE_SIGN_STYLE = Automatic;
				COMBINE_HIDPI_IMAGES = YES;
				CURRENT_PROJECT_VERSION = 1;
				DEVELOPMENT_TEAM = "";
				ENABLE_HARDENED_RUNTIME = YES;
				GENERATE_INFOPLIST_FILE = YES;
				INFOPLIST_KEY_CFBundleDisplayName = "CSV Drop";
				INFOPLIST_KEY_LSApplicationCategoryType = "public.app-category.developer-tools";
				INFOPLIST_KEY_NSHumanReadableCopyright = "";
				INFOPLIST_KEY_NSPrincipalClass = NSApplication;
				LD_RUNPATH_SEARCH_PATHS = (
					"$(inherited)",
					"@executable_path/../Frameworks",
				);
				MARKETING_VERSION = 1.1;
				PRODUCT_BUNDLE_IDENTIFIER = com.csvdrop.app;
				PRODUCT_NAME = "$(TARGET_NAME)";
				SWIFT_EMIT_LOC_STRINGS = YES;
				SWIFT_VERSION = 5.0;
			};
			name = Release;
		};
/* End XCBuildConfiguration section */

/* Begin XCConfigurationList section */
		A10000080000000000000001 /* Build configuration list for PBXNativeTarget "CSVDrop" */ = {
			isa = XCConfigurationList;
			buildConfigurations = (
				A100000A0000000000000003 /* Debug */,
				A100000A0000000000000004 /* Release */,
			);
			defaultConfigurationIsVisible = 0;
			defaultConfigurationName = Release;
		};
		A10000080000000000000002 /* Build configuration list for PBXProject "CSVDrop" */ = {
			isa = XCConfigurationList;
			buildConfigurations = (
				A100000A0000000000000001 /* Debug */,
				A100000A0000000000000002 /* Release */,
			);
			defaultConfigurationIsVisible = 0;
			defaultConfigurationName = Release;
		};
/* End XCConfigurationList section */
	};
	rootObject = A10000090000000000000001 /* Project object */;
}
